
Microsoft Visual Studio Solution File, Format Version 12.00
# Visual Studio Version 17
VisualStudioVersion = 17.11.35327.3
MinimumVisualStudioVersion = 10.0.40219.1
Project("{FAE04EC0-301F-11D3-BF4B-00C04F79EFBC}") = "HW_ASP_2.0", "HW_ASP_2.0.csproj", "{9361201F-32F3-4F22-B5EA-29804310D910}"
EndProject
Global
	GlobalSection(SolutionConfigurationPlatforms) = preSolution
		Debug|Any CPU = Debug|Any CPU
		Release|Any CPU = Release|Any CPU
	EndGlobalSection
	GlobalSection(ProjectConfigurationPlatforms) = postSolution
		{9361201F-32F3-4F22-B5EA-29804310D910}.Debug|Any CPU.ActiveCfg = Debug|Any CPU
		{9361201F-32F3-4F22-B5EA-29804310D910}.Debug|Any CPU.Build.0 = Debug|Any CPU
		{9361201F-32F3-4F22-B5EA-29804310D910}.Release|Any CPU.ActiveCfg = Release|Any CPU
		{9361201F-32F3-4F22-B5EA-29804310D910}.Release|Any CPU.Build.0 = Release|Any CPU
	EndGlobalSection
	GlobalSection(SolutionProperties) = preSolution
		HideSolutionNode = FALSE
	EndGlobalSection
	GlobalSection(ExtensibilityGlobals) = postSolution
		SolutionGuid = {D7617399-8A4D-473F-9651-8D6E74F1F44B}
	EndGlobalSection
EndGlobal
